// !$*UTF8*$!
{
	archiveVersion = 1;
	classes = {
	};
	objectVersion = 50;
	objects = {

/* Begin PBXBuildFile section */
		9106B256214FE2DC004CE30F /* AppDelegate.swift in Sources */ = {isa = PBXBuildFile; fileRef = 9106B255214FE2DC004CE30F /* AppDelegate.swift */; };
		9106B258214FE2DC004CE30F /* ViewController.swift in Sources */ = {isa = PBXBuildFile; fileRef = 9106B257214FE2DC004CE30F /* ViewController.swift */; };
		9106B25B214FE2DC004CE30F /* Main.storyboard in Resources */ = {isa = PBXBuildFile; fileRef = 9106B259214FE2DC004CE30F /* Main.storyboard */; };
		9106B25D214FE2DE004CE30F /* Assets.xcassets in Resources */ = {isa = PBXBuildFile; fileRef = 9106B25C214FE2DE004CE30F /* Assets.xcassets */; };
		9106B260214FE2DE004CE30F /* LaunchScreen.storyboard in Resources */ = {isa = PBXBuildFile; fileRef = 9106B25E214FE2DE004CE30F /* LaunchScreen.storyboard */; };
		9106B26B214FE2DE004CE30F /* MemeMeOneTests.swift in Sources */ = {isa = PBXBuildFile; fileRef = 9106B26A214FE2DE004CE30F /* MemeMeOneTests.swift */; };
		9106B276214FE2DE004CE30F /* MemeMeOneUITests.swift in Sources */ = {isa = PBXBuildFile; fileRef = 9106B275214FE2DE004CE30F /* MemeMeOneUITests.swift */; };
		9106B28421500E3A004CE30F /* Meme.swift in Sources */ = {isa = PBXBuildFile; fileRef = 9106B28321500E3A004CE30F /* Meme.swift */; };
		A41A6C556D8B91098E8715B6 /* Pods_MemeMeOneTests.framework in Frameworks */ = {isa = PBXBuildFile; fileRef = CBFC4D7AE98DAF78701DE2DB /* Pods_MemeMeOneTests.framework */; };
		BE1F71AAA856A70DB7AFF56B /* Pods_MemeMeOne.framework in Frameworks */ = {isa = PBXBuildFile; fileRef = 1BC09372DDAE272987462C96 /* Pods_MemeMeOne.framework */; };
/* End PBXBuildFile section */

/* Begin PBXContainerItemProxy section */
		9106B267214FE2DE004CE30F /* PBXContainerItemProxy */ = {
			isa = PBXContainerItemProxy;
			containerPortal = 9106B24A214FE2DC004CE30F /* Project object */;
			proxyType = 1;
			remoteGlobalIDString = 9106B251214FE2DC004CE30F;
			remoteInfo = MemeMeOne;
		};
		9106B272214FE2DE004CE30F /* PBXContainerItemProxy */ = {
			isa = PBXContainerItemProxy;
			containerPortal = 9106B24A214FE2DC004CE30F /* Project object */;
			proxyType = 1;
			remoteGlobalIDString = 9106B251214FE2DC004CE30F;
			remoteInfo = MemeMeOne;
		};
/* End PBXContainerItemProxy section */

/* Begin PBXFileReference section */
		0A46CB3C01489FEE3232F3E3 /* Pods-MemeMeOne.release.xcconfig */ = {isa = PBXFileReference; includeInIndex = 1; lastKnownFileType = text.xcconfig; name = "Pods-MemeMeOne.release.xcconfig"; path = "Pods/Target Support Files/Pods-MemeMeOne/Pods-MemeMeOne.release.xcconfig"; sourceTree = "<group>"; };
		1BC09372DDAE272987462C96 /* Pods_MemeMeOne.framework */ = {isa = PBXFileReference; explicitFileType = wrapper.framework; includeInIndex = 0; path = Pods_MemeMeOne.framework; sourceTree = BUILT_PRODUCTS_DIR; };
		2D5CF1AF83637F572BF4C902 /* Pods-MemeMeOne.debug.xcconfig */ = {isa = PBXFileReference; includeInIndex = 1; lastKnownFileType = text.xcconfig; name = "Pods-MemeMeOne.debug.xcconfig"; path = "Pods/Target Support Files/Pods-MemeMeOne/Pods-MemeMeOne.debug.xcconfig"; sourceTree = "<group>"; };
		6F5538EF5A510CF9B1D1530A /* Pods-MemeMeOneTests.debug.xcconfig */ = {isa = PBXFileReference; includeInIndex = 1; lastKnownFileType = text.xcconfig; name = "Pods-MemeMeOneTests.debug.xcconfig"; path = "Pods/Target Support Files/Pods-MemeMeOneTests/Pods-MemeMeOneTests.debug.xcconfig"; sourceTree = "<group>"; };
		9106B252214FE2DC004CE30F /* MemeMeOne.app */ = {isa = PBXFileReference; explicitFileType = wrapper.application; includeInIndex = 0; path = MemeMeOne.app; sourceTree = BUILT_PRODUCTS_DIR; };
		9106B255214FE2DC004CE30F /* AppDelegate.swift */ = {isa = PBXFileReference; lastKnownFileType = sourcecode.swift; path = AppDelegate.swift; sourceTree = "<group>"; };
		9106B257214FE2DC004CE30F /* ViewController.swift */ = {isa = PBXFileReference; lastKnownFileType = sourcecode.swift; path = ViewController.swift; sourceTree = "<group>"; };
		9106B25A214FE2DC004CE30F /* Base */ = {isa = PBXFileReference; lastKnownFileType = file.storyboard; name = Base; path = Base.lproj/Main.storyboard; sourceTree = "<group>"; };
		9106B25C214FE2DE004CE30F /* Assets.xcassets */ = {isa = PBXFileReference; lastKnownFileType = folder.assetcatalog; path = Assets.xcassets; sourceTree = "<group>"; };
		9106B25F214FE2DE004CE30F /* Base */ = {isa = PBXFileReference; lastKnownFileType = file.storyboard; name = Base; path = Base.lproj/LaunchScreen.storyboard; sourceTree = "<group>"; };
		9106B261214FE2DE004CE30F /* Info.plist */ = {isa = PBXFileReference; lastKnownFileType = text.plist.xml; path = Info.plist; sourceTree = "<group>"; };
		9106B266214FE2DE004CE30F /* MemeMeOneTests.xctest */ = {isa = PBXFileReference; explicitFileType = wrapper.cfbundle; includeInIndex = 0; path = MemeMeOneTests.xctest; sourceTree = BUILT_PRODUCTS_DIR; };
		9106B26A214FE2DE004CE30F /* MemeMeOneTests.swift */ = {isa = PBXFileReference; lastKnownFileType = sourcecode.swift; path = MemeMeOneTests.swift; sourceTree = "<group>"; };
		9106B26C214FE2DE004CE30F /* Info.plist */ = {isa = PBXFileReference; lastKnownFileType = text.plist.xml; path = Info.plist; sourceTree = "<group>"; };
		9106B271214FE2DE004CE30F /* MemeMeOneUITests.xctest */ = {isa = PBXFileReference; explicitFileType = wrapper.cfbundle; includeInIndex = 0; path = MemeMeOneUITests.xctest; sourceTree = BUILT_PRODUCTS_DIR; };
		9106B275214FE2DE004CE30F /* MemeMeOneUITests.swift */ = {isa = PBXFileReference; lastKnownFileType = sourcecode.swift; path = MemeMeOneUITests.swift; sourceTree = "<group>"; };
		9106B277214FE2DE004CE30F /* Info.plist */ = {isa = PBXFileReference; lastKnownFileType = text.plist.xml; path = Info.plist; sourceTree = "<group>"; };
		9106B28321500E3A004CE30F /* Meme.swift */ = {isa = PBXFileReference; lastKnownFileType = sourcecode.swift; path = Meme.swift; sourceTree = "<group>"; };
		ACFAAA18FDD87076E3DCCA6A /* Pods-MemeMeOneTests.release.xcconfig */ = {isa = PBXFileReference; includeInIndex = 1; lastKnownFileType = text.xcconfig; name = "Pods-MemeMeOneTests.release.xcconfig"; path = "Pods/Target Support Files/Pods-MemeMeOneTests/Pods-MemeMeOneTests.release.xcconfig"; sourceTree = "<group>"; };
		CBFC4D7AE98DAF78701DE2DB /* Pods_MemeMeOneTests.framework */ = {isa = PBXFileReference; explicitFileType = wrapper.framework; includeInIndex = 0; path = Pods_MemeMeOneTests.framework; sourceTree = BUILT_PRODUCTS_DIR; };
/* End PBXFileReference section */

/* Begin PBXFrameworksBuildPhase section */
		9106B24F214FE2DC004CE30F /* Frameworks */ = {
			isa = PBXFrameworksBuildPhase;
			buildActionMask = 2147483647;
			files = (
				BE1F71AAA856A70DB7AFF56B /* Pods_MemeMeOne.framework in Frameworks */,
			);
			runOnlyForDeploymentPostprocessing = 0;
		};
		9106B263214FE2DE004CE30F /* Frameworks */ = {
			isa = PBXFrameworksBuildPhase;
			buildActionMask = 2147483647;
			files = (
				A41A6C556D8B91098E8715B6 /* Pods_MemeMeOneTests.framework in Frameworks */,
			);
			runOnlyForDeploymentPostprocessing = 0;
		};
		9106B26E214FE2DE004CE30F /* Frameworks */ = {
			isa = PBXFrameworksBuildPhase;
			buildActionMask = 2147483647;
			files = (
			);
			runOnlyForDeploymentPostprocessing = 0;
		};
/* End PBXFrameworksBuildPhase section */

/* Begin PBXGroup section */
		251B09C7C4D51A90467A9732 /* Frameworks */ = {
			isa = PBXGroup;
			children = (
				1BC09372DDAE272987462C96 /* Pods_MemeMeOne.framework */,
				CBFC4D7AE98DAF78701DE2DB /* Pods_MemeMeOneTests.framework */,
			);
			name = Frameworks;
			sourceTree = "<group>";
		};
		9106B249214FE2DC004CE30F = {
			isa = PBXGroup;
			children = (
				9106B254214FE2DC004CE30F /* MemeMeOne */,
				9106B269214FE2DE004CE30F /* MemeMeOneTests */,
				9106B274214FE2DE004CE30F /* MemeMeOneUITests */,
				9106B253214FE2DC004CE30F /* Products */,
				C9FE5BF513C9DDDA26DC83B4 /* Pods */,
				251B09C7C4D51A90467A9732 /* Frameworks */,
			);
			sourceTree = "<group>";
		};
		9106B253214FE2DC004CE30F /* Products */ = {
			isa = PBXGroup;
			children = (
				9106B252214FE2DC004CE30F /* MemeMeOne.app */,
				9106B266214FE2DE004CE30F /* MemeMeOneTests.xctest */,
				9106B271214FE2DE004CE30F /* MemeMeOneUITests.xctest */,
			);
			name = Products;
			sourceTree = "<group>";
		};
		9106B254214FE2DC004CE30F /* MemeMeOne */ = {
			isa = PBXGroup;
			children = (
				9106B255214FE2DC004CE30F /* AppDelegate.swift */,
				9106B257214FE2DC004CE30F /* ViewController.swift */,
				9106B259214FE2DC004CE30F /* Main.storyboard */,
				9106B25C214FE2DE004CE30F /* Assets.xcassets */,
				9106B25E214FE2DE004CE30F /* LaunchScreen.storyboard */,
				9106B261214FE2DE004CE30F /* Info.plist */,
				9106B28321500E3A004CE30F /* Meme.swift */,
			);
			path = MemeMeOne;
			sourceTree = "<group>";
		};
		9106B269214FE2DE004CE30F /* MemeMeOneTests */ = {
			isa = PBXGroup;
			children = (
				9106B26A214FE2DE004CE30F /* MemeMeOneTests.swift */,
				9106B26C214FE2DE004CE30F /* Info.plist */,
			);
			path = MemeMeOneTests;
			sourceTree = "<group>";
		};
		9106B274214FE2DE004CE30F /* MemeMeOneUITests */ = {
			isa = PBXGroup;
			children = (
				9106B275214FE2DE004CE30F /* MemeMeOneUITests.swift */,
				9106B277214FE2DE004CE30F /* Info.plist */,
			);
			path = MemeMeOneUITests;
			sourceTree = "<group>";
		};
		C9FE5BF513C9DDDA26DC83B4 /* Pods */ = {
			isa = PBXGroup;
			children = (
				2D5CF1AF83637F572BF4C902 /* Pods-MemeMeOne.debug.xcconfig */,
				0A46CB3C01489FEE3232F3E3 /* Pods-MemeMeOne.release.xcconfig */,
				6F5538EF5A510CF9B1D1530A /* Pods-MemeMeOneTests.debug.xcconfig */,
				ACFAAA18FDD87076E3DCCA6A /* Pods-MemeMeOneTests.release.xcconfig */,
			);
			name = Pods;
			sourceTree = "<group>";
		};
/* End PBXGroup section */

/* Begin PBXNativeTarget section */
		9106B251214FE2DC004CE30F /* MemeMeOne */ = {
			isa = PBXNativeTarget;
			buildConfigurationList = 9106B27A214FE2DE004CE30F /* Build configuration list for PBXNativeTarget "MemeMeOne" */;
			buildPhases = (
				CBC2B75BE1E2708A2739804C /* [CP] Check Pods Manifest.lock */,
				9106B24E214FE2DC004CE30F /* Sources */,
				9106B24F214FE2DC004CE30F /* Frameworks */,
				9106B250214FE2DC004CE30F /* Resources */,
			);
			buildRules = (
			);
			dependencies = (
			);
			name = MemeMeOne;
			productName = MemeMeOne;
			productReference = 9106B252214FE2DC004CE30F /* MemeMeOne.app */;
			productType = "com.apple.product-type.application";
		};
		9106B265214FE2DE004CE30F /* MemeMeOneTests */ = {
			isa = PBXNativeTarget;
			buildConfigurationList = 9106B27D214FE2DE004CE30F /* Build configuration list for PBXNativeTarget "MemeMeOneTests" */;
			buildPhases = (
				A6568B992365F80D63C9A2FD /* [CP] Check Pods Manifest.lock */,
				9106B262214FE2DE004CE30F /* Sources */,
				9106B263214FE2DE004CE30F /* Frameworks */,
				9106B264214FE2DE004CE30F /* Resources */,
				0D2205EAE778EB94FB31DCD2 /* [CP] Embed Pods Frameworks */,
			);
			buildRules = (
			);
			dependencies = (
				9106B268214FE2DE004CE30F /* PBXTargetDependency */,
			);
			name = MemeMeOneTests;
			productName = MemeMeOneTests;
			productReference = 9106B266214FE2DE004CE30F /* MemeMeOneTests.xctest */;
			productType = "com.apple.product-type.bundle.unit-test";
		};
		9106B270214FE2DE004CE30F /* MemeMeOneUITests */ = {
			isa = PBXNativeTarget;
			buildConfigurationList = 9106B280214FE2DE004CE30F /* Build configuration list for PBXNativeTarget "MemeMeOneUITests" */;
			buildPhases = (
				9106B26D214FE2DE004CE30F /* Sources */,
				9106B26E214FE2DE004CE30F /* Frameworks */,
				9106B26F214FE2DE004CE30F /* Resources */,
			);
			buildRules = (
			);
			dependencies = (
				9106B273214FE2DE004CE30F /* PBXTargetDependency */,
			);
			name = MemeMeOneUITests;
			productName = MemeMeOneUITests;
			productReference = 9106B271214FE2DE004CE30F /* MemeMeOneUITests.xctest */;
			productType = "com.apple.product-type.bundle.ui-testing";
		};
/* End PBXNativeTarget section */

/* Begin PBXProject section */
		9106B24A214FE2DC004CE30F /* Project object */ = {
			isa = PBXProject;
			attributes = {
				LastSwiftUpdateCheck = 0940;
				LastUpgradeCheck = 0940;
				ORGANIZATIONNAME = Udacity;
				TargetAttributes = {
					9106B251214FE2DC004CE30F = {
						CreatedOnToolsVersion = 9.4.1;
					};
					9106B265214FE2DE004CE30F = {
						CreatedOnToolsVersion = 9.4.1;
						TestTargetID = 9106B251214FE2DC004CE30F;
					};
					9106B270214FE2DE004CE30F = {
						CreatedOnToolsVersion = 9.4.1;
						TestTargetID = 9106B251214FE2DC004CE30F;
					};
				};
			};
			buildConfigurationList = 9106B24D214FE2DC004CE30F /* Build configuration list for PBXProject "MemeMeOne" */;
			compatibilityVersion = "Xcode 9.3";
			developmentRegion = en;
			hasScannedForEncodings = 0;
			knownRegions = (
				en,
				Base,
			);
			mainGroup = 9106B249214FE2DC004CE30F;
			productRefGroup = 9106B253214FE2DC004CE30F /* Products */;
			projectDirPath = "";
			projectRoot = "";
			targets = (
				9106B251214FE2DC004CE30F /* MemeMeOne */,
				9106B265214FE2DE004CE30F /* MemeMeOneTests */,
				9106B270214FE2DE004CE30F /* MemeMeOneUITests */,
			);
		};
/* End PBXProject section */

/* Begin PBXResourcesBuildPhase section */
		9106B250214FE2DC004CE30F /* Resources */ = {
			isa = PBXResourcesBuildPhase;
			buildActionMask = 2147483647;
			files = (
				9106B260214FE2DE004CE30F /* LaunchScreen.storyboard in Resources */,
				9106B25D214FE2DE004CE30F /* Assets.xcassets in Resources */,
				9106B25B214FE2DC004CE30F /* Main.storyboard in Resources */,
			);
			runOnlyForDeploymentPostprocessing = 0;
		};
		9106B264214FE2DE004CE30F /* Resources */ = {
			isa = PBXResourcesBuildPhase;
			buildActionMask = 2147483647;
			files = (
			);
			runOnlyForDeploymentPostprocessing = 0;
		};
		9106B26F214FE2DE004CE30F /* Resources */ = {
			isa = PBXResourcesBuildPhase;
			buildActionMask = 2147483647;
			files = (
			);
			runOnlyForDeploymentPostprocessing = 0;
		};
/* End PBXResourcesBuildPhase section */

/* Begin PBXShellScriptBuildPhase section */
		0D2205EAE778EB94FB31DCD2 /* [CP] Embed Pods Frameworks */ = {
			isa = PBXShellScriptBuildPhase;
			buildActionMask = 2147483647;
			files = (
			);
			inputPaths = (
				"${SRCROOT}/Pods/Target Support Files/Pods-MemeMeOneTests/Pods-MemeMeOneTests-frameworks.sh",
				"${BUILT_PRODUCTS_DIR}/Nimble/Nimble.framework",
				"${BUILT_PRODUCTS_DIR}/Quick/Quick.framework",
			);
			name = "[CP] Embed Pods Frameworks";
			outputPaths = (
				"${TARGET_BUILD_DIR}/${FRAMEWORKS_FOLDER_PATH}/Nimble.framework",
				"${TARGET_BUILD_DIR}/${FRAMEWORKS_FOLDER_PATH}/Quick.framework",
			);
			runOnlyForDeploymentPostprocessing = 0;
			shellPath = /bin/sh;
			shellScript = "\"${SRCROOT}/Pods/Target Support Files/Pods-MemeMeOneTests/Pods-MemeMeOneTests-frameworks.sh\"\n";
			showEnvVarsInLog = 0;
		};
		A6568B992365F80D63C9A2FD /* [CP] Check Pods Manifest.lock */ = {
			isa = PBXShellScriptBuildPhase;
			buildActionMask = 2147483647;
			files = (
			);
			inputPaths = (
				"${PODS_PODFILE_DIR_PATH}/Podfile.lock",
				"${PODS_ROOT}/Manifest.lock",
			);
			name = "[CP] Check Pods Manifest.lock";
			outputPaths = (
				"$(DERIVED_FILE_DIR)/Pods-MemeMeOneTests-checkManifestLockResult.txt",
			);
			runOnlyForDeploymentPostprocessing = 0;
			shellPath = /bin/sh;
			shellScript = "diff \"${PODS_PODFILE_DIR_PATH}/Podfile.lock\" \"${PODS_ROOT}/Manifest.lock\" > /dev/null\nif [ $? != 0 ] ; then\n    # print error to STDERR\n    echo \"error: The sandbox is not in sync with the Podfile.lock. Run 'pod install' or update your CocoaPods installation.\" >&2\n    exit 1\nfi\n# This output is used by Xcode 'outputs' to avoid re-running this script phase.\necho \"SUCCESS\" > \"${SCRIPT_OUTPUT_FILE_0}\"\n";
			showEnvVarsInLog = 0;
		};
		CBC2B75BE1E2708A2739804C /* [CP] Check Pods Manifest.lock */ = {
			isa = PBXShellScriptBuildPhase;
			buildActionMask = 2147483647;
			files = (
			);
			inputPaths = (
				"${PODS_PODFILE_DIR_PATH}/Podfile.lock",
				"${PODS_ROOT}/Manifest.lock",
			);
			name = "[CP] Check Pods Manifest.lock";
			outputPaths = (
				"$(DERIVED_FILE_DIR)/Pods-MemeMeOne-checkManifestLockResult.txt",
			);
			runOnlyForDeploymentPostprocessing = 0;
			shellPath = /bin/sh;
			shellScript = "diff \"${PODS_PODFILE_DIR_PATH}/Podfile.lock\" \"${PODS_ROOT}/Manifest.lock\" > /dev/null\nif [ $? != 0 ] ; then\n    # print error to STDERR\n    echo \"error: The sandbox is not in sync with the Podfile.lock. Run 'pod install' or update your CocoaPods installation.\" >&2\n    exit 1\nfi\n# This output is used by Xcode 'outputs' to avoid re-running this script phase.\necho \"SUCCESS\" > \"${SCRIPT_OUTPUT_FILE_0}\"\n";
			showEnvVarsInLog = 0;
		};
/* End PBXShellScriptBuildPhase section */

/* Begin PBXSourcesBuildPhase section */
		9106B24E214FE2DC004CE30F /* Sources */ = {
			isa = PBXSourcesBuildPhase;
			buildActionMask = 2147483647;
			files = (
				9106B28421500E3A004CE30F /* Meme.swift in Sources */,
				9106B258214FE2DC004CE30F /* ViewController.swift in Sources */,
				9106B256214FE2DC004CE30F /* AppDelegate.swift in Sources */,
			);
			runOnlyForDeploymentPostprocessing = 0;
		};
		9106B262214FE2DE004CE30F /* Sources */ = {
			isa = PBXSourcesBuildPhase;
			buildActionMask = 2147483647;
			files = (
				9106B26B214FE2DE004CE30F /* MemeMeOneTests.swift in Sources */,
			);
			runOnlyForDeploymentPostprocessing = 0;
		};
		9106B26D214FE2DE004CE30F /* Sources */ = {
			isa = PBXSourcesBuildPhase;
			buildActionMask = 2147483647;
			files = (
				9106B276214FE2DE004CE30F /* MemeMeOneUITests.swift in Sources */,
			);
			runOnlyForDeploymentPostprocessing = 0;
		};
/* End PBXSourcesBuildPhase section */

/* Begin PBXTargetDependency section */
		9106B268214FE2DE004CE30F /* PBXTargetDependency */ = {
			isa = PBXTargetDependency;
			target = 9106B251214FE2DC004CE30F /* MemeMeOne */;
			targetProxy = 9106B267214FE2DE004CE30F /* PBXContainerItemProxy */;
		};
		9106B273214FE2DE004CE30F /* PBXTargetDependency */ = {
			isa = PBXTargetDependency;
			target = 9106B251214FE2DC004CE30F /* MemeMeOne */;
			targetProxy = 9106B272214FE2DE004CE30F /* PBXContainerItemProxy */;
		};
/* End PBXTargetDependency section */

/* Begin PBXVariantGroup section */
		9106B259214FE2DC004CE30F /* Main.storyboard */ = {
			isa = PBXVariantGroup;
			children = (
				9106B25A214FE2DC004CE30F /* Base */,
			);
			name = Main.storyboard;
			sourceTree = "<group>";
		};
		9106B25E214FE2DE004CE30F /* LaunchScreen.storyboard */ = {
			isa = PBXVariantGroup;
			children = (
				9106B25F214FE2DE004CE30F /* Base */,
			);
			name = LaunchScreen.storyboard;
			sourceTree = "<group>";
		};
/* End PBXVariantGroup section */

/* Begin XCBuildConfiguration section */
		9106B278214FE2DE004CE30F /* Debug */ = {
			isa = XCBuildConfiguration;
			buildSettings = {
				ALWAYS_EMBED_SWIFT_STANDARD_LIBRARIES = "$(inherited)";
				ALWAYS_SEARCH_USER_PATHS = NO;
				CLANG_ANALYZER_NONNULL = YES;
				CLANG_ANALYZER_NUMBER_OBJECT_CONVERSION = YES_AGGRESSIVE;
				CLANG_CXX_LANGUAGE_STANDARD = "gnu++14";
				CLANG_CXX_LIBRARY = "libc++";
				CLANG_ENABLE_MODULES = YES;
				CLANG_ENABLE_OBJC_ARC = YES;
				CLANG_ENABLE_OBJC_WEAK = YES;
				CLANG_WARN_BLOCK_CAPTURE_AUTORELEASING = YES;
				CLANG_WARN_BOOL_CONVERSION = YES;
				CLANG_WARN_COMMA = YES;
				CLANG_WARN_CONSTANT_CONVERSION = YES;
				CLANG_WARN_DEPRECATED_OBJC_IMPLEMENTATIONS = YES;
				CLANG_WARN_DIRECT_OBJC_ISA_USAGE = YES_ERROR;
				CLANG_WARN_DOCUMENTATION_COMMENTS = YES;
				CLANG_WARN_EMPTY_BODY = YES;
				CLANG_WARN_ENUM_CONVERSION = YES;
				CLANG_WARN_INFINITE_RECURSION = YES;
				CLANG_WARN_INT_CONVERSION = YES;
				CLANG_WARN_NON_LITERAL_NULL_CONVERSION = YES;
				CLANG_WARN_OBJC_IMPLICIT_RETAIN_SELF = YES;
				CLANG_WARN_OBJC_LITERAL_CONVERSION = YES;
				CLANG_WARN_OBJC_ROOT_CLASS = YES_ERROR;
				CLANG_WARN_RANGE_LOOP_ANALYSIS = YES;
				CLANG_WARN_STRICT_PROTOTYPES = YES;
				CLANG_WARN_SUSPICIOUS_MOVE = YES;
				CLANG_WARN_UNGUARDED_AVAILABILITY = YES_AGGRESSIVE;
				CLANG_WARN_UNREACHABLE_CODE = YES;
				CLANG_WARN__DUPLICATE_METHOD_MATCH = YES;
				CODE_SIGN_IDENTITY = "iPhone Developer";
				COPY_PHASE_STRIP = NO;
				DEBUG_INFORMATION_FORMAT = dwarf;
				ENABLE_STRICT_OBJC_MSGSEND = YES;
				ENABLE_TESTABILITY = YES;
				GCC_C_LANGUAGE_STANDARD = gnu11;
				GCC_DYNAMIC_NO_PIC = NO;
				GCC_NO_COMMON_BLOCKS = YES;
				GCC_OPTIMIZATION_LEVEL = 0;
				GCC_PREPROCESSOR_DEFINITIONS = (
					"DEBUG=1",
					"$(inherited)",
				);
				GCC_WARN_64_TO_32_BIT_CONVERSION = YES;
				GCC_WARN_ABOUT_RETURN_TYPE = YES_ERROR;
				GCC_WARN_UNDECLARED_SELECTOR = YES;
				GCC_WARN_UNINITIALIZED_AUTOS = YES_AGGRESSIVE;
				GCC_WARN_UNUSED_FUNCTION = YES;
				GCC_WARN_UNUSED_VARIABLE = YES;
				IPHONEOS_DEPLOYMENT_TARGET = 11.4;
				MTL_ENABLE_DEBUG_INFO = YES;
				ONLY_ACTIVE_ARCH = YES;
				SDKROOT = iphoneos;
				SWIFT_ACTIVE_COMPILATION_CONDITIONS = DEBUG;
				SWIFT_OPTIMIZATION_LEVEL = "-Onone";
			};
			name = Debug;
		};
		9106B279214FE2DE004CE30F /* Release */ = {
			isa = XCBuildConfiguration;
			buildSettings = {
				ALWAYS_EMBED_SWIFT_STANDARD_LIBRARIES = "$(inherited)";
				ALWAYS_SEARCH_USER_PATHS = NO;
				CLANG_ANALYZER_NONNULL = YES;
				CLANG_ANALYZER_NUMBER_OBJECT_CONVERSION = YES_AGGRESSIVE;
				CLANG_CXX_LANGUAGE_STANDARD = "gnu++14";
				CLANG_CXX_LIBRARY = "libc++";
				CLANG_ENABLE_MODULES = YES;
				CLANG_ENABLE_OBJC_ARC = YES;
				CLANG_ENABLE_OBJC_WEAK = YES;
				CLANG_WARN_BLOCK_CAPTURE_AUTORELEASING = YES;
				CLANG_WARN_BOOL_CONVERSION = YES;
				CLANG_WARN_COMMA = YES;
				CLANG_WARN_CONSTANT_CONVERSION = YES;
				CLANG_WARN_DEPRECATED_OBJC_IMPLEMENTATIONS = YES;
				CLANG_WARN_DIRECT_OBJC_ISA_USAGE = YES_ERROR;
				CLANG_WARN_DOCUMENTATION_COMMENTS = YES;
				CLANG_WARN_EMPTY_BODY = YES;
				CLANG_WARN_ENUM_CONVERSION = YES;
				CLANG_WARN_INFINITE_RECURSION = YES;
				CLANG_WARN_INT_CONVERSION = YES;
				CLANG_WARN_NON_LITERAL_NULL_CONVERSION = YES;
				CLANG_WARN_OBJC_IMPLICIT_RETAIN_SELF = YES;
				CLANG_WARN_OBJC_LITERAL_CONVERSION = YES;
				CLANG_WARN_OBJC_ROOT_CLASS = YES_ERROR;
				CLANG_WARN_RANGE_LOOP_ANALYSIS = YES;
				CLANG_WARN_STRICT_PROTOTYPES = YES;
				CLANG_WARN_SUSPICIOUS_MOVE = YES;
				CLANG_WARN_UNGUARDED_AVAILABILITY = YES_AGGRESSIVE;
				CLANG_WARN_UNREACHABLE_CODE = YES;
				CLANG_WARN__DUPLICATE_METHOD_MATCH = YES;
				CODE_SIGN_IDENTITY = "iPhone Developer";
				COPY_PHASE_STRIP = NO;
				DEBUG_INFORMATION_FORMAT = "dwarf-with-dsym";
				ENABLE_NS_ASSERTIONS = NO;
				ENABLE_STRICT_OBJC_MSGSEND = YES;
				GCC_C_LANGUAGE_STANDARD = gnu11;
				GCC_NO_COMMON_BLOCKS = YES;
				GCC_WARN_64_TO_32_BIT_CONVERSION = YES;
				GCC_WARN_ABOUT_RETURN_TYPE = YES_ERROR;
				GCC_WARN_UNDECLARED_SELECTOR = YES;
				GCC_WARN_UNINITIALIZED_AUTOS = YES_AGGRESSIVE;
				GCC_WARN_UNUSED_FUNCTION = YES;
				GCC_WARN_UNUSED_VARIABLE = YES;
				IPHONEOS_DEPLOYMENT_TARGET = 11.4;
				MTL_ENABLE_DEBUG_INFO = NO;
				SDKROOT = iphoneos;
				SWIFT_COMPILATION_MODE = wholemodule;
				SWIFT_OPTIMIZATION_LEVEL = "-O";
				VALIDATE_PRODUCT = YES;
			};
			name = Release;
		};
		9106B27B214FE2DE004CE30F /* Debug */ = {
			isa = XCBuildConfiguration;
			baseConfigurationReference = 2D5CF1AF83637F572BF4C902 /* Pods-MemeMeOne.debug.xcconfig */;
			buildSettings = {
				ALWAYS_EMBED_SWIFT_STANDARD_LIBRARIES = "$(inherited)";
				ASSETCATALOG_COMPILER_APPICON_NAME = AppIcon;
				CODE_SIGN_STYLE = Automatic;
				INFOPLIST_FILE = MemeMeOne/Info.plist;
				LD_RUNPATH_SEARCH_PATHS = (
					"$(inherited)",
					"@executable_path/Frameworks",
				);
				PRODUCT_BUNDLE_IDENTIFIER = com.udacity.MemeMeOne;
				PRODUCT_NAME = "$(TARGET_NAME)";
				SWIFT_VERSION = 4.0;
				TARGETED_DEVICE_FAMILY = "1,2";
			};
			name = Debug;
		};
		9106B27C214FE2DE004CE30F /* Release */ = {
			isa = XCBuildConfiguration;
			baseConfigurationReference = 0A46CB3C01489FEE3232F3E3 /* Pods-MemeMeOne.release.xcconfig */;
			buildSettings = {
				ALWAYS_EMBED_SWIFT_STANDARD_LIBRARIES = "$(inherited)";
				ASSETCATALOG_COMPILER_APPICON_NAME = AppIcon;
				CODE_SIGN_STYLE = Automatic;
				INFOPLIST_FILE = MemeMeOne/Info.plist;
				LD_RUNPATH_SEARCH_PATHS = (
					"$(inherited)",
					"@executable_path/Frameworks",
				);
				PRODUCT_BUNDLE_IDENTIFIER = com.udacity.MemeMeOne;
				PRODUCT_NAME = "$(TARGET_NAME)";
				SWIFT_VERSION = 4.0;
				TARGETED_DEVICE_FAMILY = "1,2";
			};
			name = Release;
		};
		9106B27E214FE2DE004CE30F /* Debug */ = {
			isa = XCBuildConfiguration;
			baseConfigurationReference = 6F5538EF5A510CF9B1D1530A /* Pods-MemeMeOneTests.debug.xcconfig */;
			buildSettings = {
				ALWAYS_EMBED_SWIFT_STANDARD_LIBRARIES = "$(inherited)";
				BUNDLE_LOADER = "$(TEST_HOST)";
				CODE_SIGN_STYLE = Automatic;
				INFOPLIST_FILE = MemeMeOneTests/Info.plist;
				LD_RUNPATH_SEARCH_PATHS = (
					"$(inherited)",
					"@executable_path/Frameworks",
					"@loader_path/Frameworks",
				);
				PRODUCT_BUNDLE_IDENTIFIER = com.udacity.MemeMeOneTests;
				PRODUCT_NAME = "$(TARGET_NAME)";
				SWIFT_VERSION = 4.0;
				TARGETED_DEVICE_FAMILY = "1,2";
				TEST_HOST = "$(BUILT_PRODUCTS_DIR)/MemeMeOne.app/MemeMeOne";
			};
			name = Debug;
		};
		9106B27F214FE2DE004CE30F /* Release */ = {
			isa = XCBuildConfiguration;
			baseConfigurationReference = ACFAAA18FDD87076E3DCCA6A /* Pods-MemeMeOneTests.release.xcconfig */;
			buildSettings = {
				ALWAYS_EMBED_SWIFT_STANDARD_LIBRARIES = "$(inherited)";
				BUNDLE_LOADER = "$(TEST_HOST)";
				CODE_SIGN_STYLE = Automatic;
				INFOPLIST_FILE = MemeMeOneTests/Info.plist;
				LD_RUNPATH_SEARCH_PATHS = (
					"$(inherited)",
					"@executable_path/Frameworks",
					"@loader_path/Frameworks",
				);
				PRODUCT_BUNDLE_IDENTIFIER = com.udacity.MemeMeOneTests;
				PRODUCT_NAME = "$(TARGET_NAME)";
				SWIFT_VERSION = 4.0;
				TARGETED_DEVICE_FAMILY = "1,2";
				TEST_HOST = "$(BUILT_PRODUCTS_DIR)/MemeMeOne.app/MemeMeOne";
			};
			name = Release;
		};
		9106B281214FE2DE004CE30F /* Debug */ = {
			isa = XCBuildConfiguration;
			buildSettings = {
				ALWAYS_EMBED_SWIFT_STANDARD_LIBRARIES = "$(inherited)";
				CODE_SIGN_STYLE = Automatic;
				INFOPLIST_FILE = MemeMeOneUITests/Info.plist;
				LD_RUNPATH_SEARCH_PATHS = (
					"$(inherited)",
					"@executable_path/Frameworks",
					"@loader_path/Frameworks",
				);
				PRODUCT_BUNDLE_IDENTIFIER = com.udacity.MemeMeOneUITests;
				PRODUCT_NAME = "$(TARGET_NAME)";
				SWIFT_VERSION = 4.0;
				TARGETED_DEVICE_FAMILY = "1,2";
				TEST_TARGET_NAME = MemeMeOne;
			};
			name = Debug;
		};
		9106B282214FE2DE004CE30F /* Release */ = {
			isa = XCBuildConfiguration;
			buildSettings = {
				ALWAYS_EMBED_SWIFT_STANDARD_LIBRARIES = "$(inherited)";
				CODE_SIGN_STYLE = Automatic;
				INFOPLIST_FILE = MemeMeOneUITests/Info.plist;
				LD_RUNPATH_SEARCH_PATHS = (
					"$(inherited)",
					"@executable_path/Frameworks",
					"@loader_path/Frameworks",
				);
				PRODUCT_BUNDLE_IDENTIFIER = com.udacity.MemeMeOneUITests;
				PRODUCT_NAME = "$(TARGET_NAME)";
				SWIFT_VERSION = 4.0;
				TARGETED_DEVICE_FAMILY = "1,2";
				TEST_TARGET_NAME = MemeMeOne;
			};
			name = Release;
		};
/* End XCBuildConfiguration section */

/* Begin XCConfigurationList section */
		9106B24D214FE2DC004CE30F /* Build configuration list for PBXProject "MemeMeOne" */ = {
			isa = XCConfigurationList;
			buildConfigurations = (
				9106B278214FE2DE004CE30F /* Debug */,
				9106B279214FE2DE004CE30F /* Release */,
			);
			defaultConfigurationIsVisible = 0;
			defaultConfigurationName = Release;
		};
		9106B27A214FE2DE004CE30F /* Build configuration list for PBXNativeTarget "MemeMeOne" */ = {
			isa = XCConfigurationList;
			buildConfigurations = (
				9106B27B214FE2DE004CE30F /* Debug */,
				9106B27C214FE2DE004CE30F /* Release */,
			);
			defaultConfigurationIsVisible = 0;
			defaultConfigurationName = Release;
		};
		9106B27D214FE2DE004CE30F /* Build configuration list for PBXNativeTarget "MemeMeOneTests" */ = {
			isa = XCConfigurationList;
			buildConfigurations = (
				9106B27E214FE2DE004CE30F /* Debug */,
				9106B27F214FE2DE004CE30F /* Release */,
			);
			defaultConfigurationIsVisible = 0;
			defaultConfigurationName = Release;
		};
		9106B280214FE2DE004CE30F /* Build configuration list for PBXNativeTarget "MemeMeOneUITests" */ = {
			isa = XCConfigurationList;
			buildConfigurations = (
				9106B281214FE2DE004CE30F /* Debug */,
				9106B282214FE2DE004CE30F /* Release */,
			);
			defaultConfigurationIsVisible = 0;
			defaultConfigurationName = Release;
		};
/* End XCConfigurationList section */
	};
	rootObject = 9106B24A214FE2DC004CE30F /* Project object */;
}
